
Microsoft Visual Studio Solution File, Format Version 12.00
# Visual Studio Version 17
VisualStudioVersion = 17.9.34723.18
MinimumVisualStudioVersion = 10.0.40219.1
Project("{FAE04EC0-301F-11D3-BF4B-00C04F79EFBC}") = "kiss-api", "kiss-api\kiss-api.csproj", "{36287FD2-5249-4A19-9FF8-5F59F4DE9A2D}"
EndProject
Global
	GlobalSection(SolutionConfigurationPlatforms) = preSolution
		Debug|Any CPU = Debug|Any CPU
		Release|Any CPU = Release|Any CPU
	EndGlobalSection
	GlobalSection(ProjectConfigurationPlatforms) = postSolution
		{36287FD2-5249-4A19-9FF8-5F59F4DE9A2D}.Debug|Any CPU.ActiveCfg = Debug|Any CPU
		{36287FD2-5249-4A19-9FF8-5F59F4DE9A2D}.Debug|Any CPU.Build.0 = Debug|Any CPU
		{36287FD2-5249-4A19-9FF8-5F59F4DE9A2D}.Release|Any CPU.ActiveCfg = Release|Any CPU
		{36287FD2-5249-4A19-9FF8-5F59F4DE9A2D}.Release|Any CPU.Build.0 = Release|Any CPU
	EndGlobalSection
	GlobalSection(SolutionProperties) = preSolution
		HideSolutionNode = FALSE
	EndGlobalSection
	GlobalSection(ExtensibilityGlobals) = postSolution
		SolutionGuid = {FB14ABBE-6D80-406F-8AAC-D1EC6976D1F8}
	EndGlobalSection
EndGlobal
